# This file was autogenerated by uv via the following command:
#    uv pip compile pyproject.toml --universal --python-version 3.10 -o requirements.lock
aiohappyeyeballs==2.7.1
    # via aiohttp
aiohttp==3.14.3
    # via
    #   fsspec
    #   instructor
    #   kubernetes
    #   langchain-community
aiosignal==1.4.0
    # via aiohttp
alembic==1.20.0
    # via optuna
annotated-doc==0.0.5
    # via
    #   fastapi
    #   typer
annotated-types==0.8.0
    # via pydantic
anyio==4.15.1
    # via
    #   httpx
    #   httpx2
    #   langsmith
    #   openai
    #   starlette
    #   watchfiles
appdirs==1.4.4
    # via ragas
async-timeout==4.0.3 ; python_full_version < '3.11'
    # via
    #   aiohttp
    #   langchain-classic
attrs==26.1.0
    # via
    #   aiohttp
    #   jsonschema
    #   referencing
bcrypt==5.0.0
    # via chromadb
beautifulsoup4==4.15.0
    # via ragbuilder (pyproject.toml)
build==1.6.1
    # via chromadb
certifi==2026.7.22
    # via
    #   httpcore
    #   httpx
    #   kubernetes
    #   langchain-openai
    #   requests
charset-normalizer==3.5.2
    # via requests
chromadb==1.5.9
    # via
    #   ragbuilder (pyproject.toml)
    #   langchain-chroma
click==8.5.0
    # via
    #   huggingface-hub
    #   instructor
    #   uvicorn
cloudpickle==3.1.2
    # via joblib
colorama==0.4.6 ; (python_full_version >= '3.13' and sys_platform == 'win32') or (os_name == 'nt' and platform_system != 'Linux') or (os_name != 'nt' and platform_system == 'Windows' and sys_platform != 'win32') or (platform_system != 'Linux' and sys_platform == 'win32')
    # via
    #   build
    #   colorlog
    #   tqdm
    #   typer
colorlog==6.12.0
    # via optuna
cuda-bindings==13.4.3 ; (python_full_version < '3.15' and platform_system == 'Linux' and sys_platform != 'win32') or (python_full_version < '3.13' and platform_system == 'Linux' and sys_platform == 'win32')
    # via torch
cuda-pathfinder==1.8.2 ; (python_full_version < '3.15' and platform_system == 'Linux' and sys_platform != 'win32') or (python_full_version < '3.13' and platform_system == 'Linux' and sys_platform == 'win32')
    # via cuda-bindings
cuda-toolkit==13.0.3.0 ; (python_full_version < '3.13' and platform_system == 'Linux') or (platform_system == 'Linux' and sys_platform != 'win32')
    # via torch
dataclasses-json==0.6.7
    # via langchain-community
datasets==5.0.1
    # via
    #   ragbuilder (pyproject.toml)
    #   ragas
dill==0.4.1
    # via
    #   datasets
    #   multiprocess
diskcache==5.6.3
    # via ragas
distro==1.9.0
    # via
    #   langsmith
    #   openai
docstring-parser==0.18.0
    # via instructor
durationpy==0.11
    # via kubernetes
exceptiongroup==1.3.1 ; python_full_version < '3.11'
    # via anyio
fastapi==0.142.2
    # via ragbuilder (pyproject.toml)
filelock==4.0.8
    # via
    #   datasets
    #   huggingface-hub
    #   torch
flatbuffers==25.12.19
    # via onnxruntime
frozenlist==1.8.0
    # via
    #   aiohttp
    #   aiosignal
fsspec==2026.6.0
    # via
    #   datasets
    #   huggingface-hub
    #   torch
googleapis-common-protos==1.75.5
    # via opentelemetry-exporter-otlp-proto-grpc
greenlet==3.5.6 ; (python_full_version < '3.11' and platform_machine == 'AMD64') or (python_full_version < '3.11' and platform_machine == 'WIN32') or (python_full_version < '3.11' and platform_machine == 'aarch64') or (python_full_version < '3.11' and platform_machine == 'amd64') or (python_full_version < '3.11' and platform_machine == 'ppc64le') or (python_full_version < '3.11' and platform_machine == 'win32') or (python_full_version < '3.11' and platform_machine == 'x86_64')
    # via sqlalchemy
grpcio==1.84.0
    # via
    #   chromadb
    #   opentelemetry-exporter-otlp-proto-grpc
h11==0.16.0
    # via
    #   httpcore
    #   httpcore2
    #   uvicorn
hf-xet==1.6.0 ; platform_machine == 'AMD64' or platform_machine == 'aarch64' or platform_machine == 'amd64' or platform_machine == 'arm64' or platform_machine == 'x86_64'
    # via huggingface-hub
httpcore==1.0.9
    # via httpx
httpcore2==2.13.1 ; sys_platform != 'emscripten'
    # via httpx2
httptools==0.8.0
    # via uvicorn
httpx==0.28.1
    # via
    #   chromadb
    #   datasets
    #   huggingface-hub
    #   langchain-core
    #   langgraph-sdk
httpx-sse==0.4.3
    # via langchain-community
httpx2==2.13.1
    # via
    #   langsmith
    #   openai
httpx2-jsfetch==1.0 ; python_full_version >= '3.12' and sys_platform == 'emscripten'
    # via httpx2
huggingface-hub==1.33.0
    # via
    #   datasets
    #   langchain-huggingface
    #   sentence-transformers
    #   tokenizers
    #   transformers
idna==3.20
    # via
    #   anyio
    #   httpx
    #   httpx2
    #   instructor
    #   requests
    #   yarl
importlib-metadata==9.0.1 ; python_full_version < '3.10.2'
    # via build
importlib-resources==7.1.0
    # via chromadb
instructor==1.17.0
    # via ragas
jinja2==3.1.6
    # via
    #   ragbuilder (pyproject.toml)
    #   instructor
    #   torch
jiter==0.14.0
    # via
    #   instructor
    #   openai
joblib==1.6.0
    # via
    #   scikit-learn
    #   scikit-optimize
jsonpatch==1.33
    # via langchain-core
jsonpointer==3.1.1
    # via jsonpatch
jsonschema==4.26.0
    # via chromadb
jsonschema-specifications==2025.9.1
    # via jsonschema
kubernetes==36.0.3
    # via chromadb
langchain==1.4.3
    # via
    #   ragbuilder (pyproject.toml)
    #   ragas
langchain-chroma==1.1.0
    # via ragbuilder (pyproject.toml)
langchain-classic==1.0.8
    # via
    #   ragbuilder (pyproject.toml)
    #   langchain-community
langchain-community==0.4.1
    # via
    #   ragbuilder (pyproject.toml)
    #   ragas
langchain-core==1.6.6
    # via
    #   ragbuilder (pyproject.toml)
    #   langchain
    #   langchain-chroma
    #   langchain-classic
    #   langchain-community
    #   langchain-huggingface
    #   langchain-openai
    #   langchain-text-splitters
    #   langgraph
    #   langgraph-checkpoint
    #   langgraph-prebuilt
    #   langgraph-sdk
    #   ragas
langchain-huggingface==1.2.2
    # via ragbuilder (pyproject.toml)
langchain-openai==1.6.7
    # via
    #   ragbuilder (pyproject.toml)
    #   ragas
langchain-protocol==0.0.19
    # via
    #   langchain-core
    #   langgraph-sdk
langchain-text-splitters==1.1.2
    # via langchain-classic
langgraph==1.2.12
    # via langchain
langgraph-checkpoint==4.2.0
    # via
    #   langgraph
    #   langgraph-prebuilt
langgraph-prebuilt==1.1.0
    # via langgraph
langgraph-sdk==0.4.5
    # via langgraph
langsmith==0.14.2
    # via
    #   langchain-classic
    #   langchain-community
    #   langchain-core
mako==1.4.3
    # via alembic
markdown==3.10.3 ; python_full_version < '3.13'
    # via ragbuilder (pyproject.toml)
markdown==3.11 ; python_full_version >= '3.13'
    # via ragbuilder (pyproject.toml)
markdown-it-py==4.2.0
    # via rich
markupsafe==3.0.3
    # via
    #   jinja2
    #   mako
marshmallow==3.26.2
    # via dataclasses-json
mdurl==0.1.2
    # via markdown-it-py
mmh3==5.3.1
    # via chromadb
mpmath==1.3.0
    # via sympy
multidict==6.9.1
    # via
    #   aiohttp
    #   yarl
multiprocess==0.70.19
    # via datasets
mypy-extensions==1.1.0
    # via typing-inspect
narwhals==2.26.0 ; python_full_version >= '3.11'
    # via scikit-learn
nest-asyncio==1.6.0
    # via ragas
networkx==3.4.2 ; python_full_version < '3.12'
    # via
    #   ragas
    #   torch
networkx==3.7 ; python_full_version >= '3.12'
    # via
    #   ragas
    #   torch
numpy==2.2.6 ; python_full_version < '3.13'
    # via
    #   chromadb
    #   datasets
    #   langchain-chroma
    #   langchain-community
    #   onnxruntime
    #   optuna
    #   pandas
    #   ragas
    #   rank-bm25
    #   scikit-learn
    #   scikit-network
    #   scikit-optimize
    #   scipy
    #   sentence-transformers
    #   transformers
numpy==2.5.3 ; python_full_version >= '3.13'
    # via
    #   chromadb
    #   datasets
    #   langchain-chroma
    #   langchain-community
    #   onnxruntime
    #   optuna
    #   pandas
    #   ragas
    #   rank-bm25
    #   scikit-learn
    #   scikit-network
    #   scikit-optimize
    #   scipy
    #   sentence-transformers
    #   transformers
nvidia-cublas==13.1.1.3 ; (python_full_version < '3.13' and platform_system == 'Linux') or (platform_system == 'Linux' and sys_platform != 'win32')
    # via
    #   cuda-toolkit
    #   nvidia-cudnn-cu13
    #   nvidia-cusolver
nvidia-cuda-cupti==13.0.85 ; (python_full_version < '3.13' and platform_machine == 'AMD64' and platform_system == 'Linux' and sys_platform == 'win32') or (platform_machine == 'aarch64' and platform_system == 'Linux' and sys_platform == 'linux') or (platform_machine == 'x86_64' and platform_system == 'Linux' and sys_platform == 'linux')
    # via cuda-toolkit
nvidia-cuda-nvrtc==13.0.88 ; (python_full_version < '3.13' and platform_system == 'Linux') or (platform_system == 'Linux' and sys_platform != 'win32')
    # via
    #   cuda-toolkit
    #   nvidia-cublas
nvidia-cuda-runtime==13.0.96 ; (python_full_version < '3.13' and platform_machine == 'AMD64' and platform_system == 'Linux' and sys_platform == 'win32') or (platform_machine == 'aarch64' and platform_system == 'Linux' and sys_platform == 'linux') or (platform_machine == 'x86_64' and platform_system == 'Linux' and sys_platform == 'linux')
    # via cuda-toolkit
nvidia-cudnn-cu13==9.24.0.43 ; (python_full_version < '3.13' and platform_system == 'Linux') or (platform_system == 'Linux' and sys_platform != 'win32')
    # via torch
nvidia-cufft==12.0.0.61 ; (python_full_version < '3.13' and platform_machine == 'AMD64' and platform_system == 'Linux' and sys_platform == 'win32') or (platform_machine == 'aarch64' and platform_system == 'Linux' and sys_platform == 'linux') or (platform_machine == 'x86_64' and platform_system == 'Linux' and sys_platform == 'linux')
    # via cuda-toolkit
nvidia-cufile==1.15.1.6 ; (platform_machine == 'aarch64' and platform_system == 'Linux' and sys_platform == 'linux') or (platform_machine == 'x86_64' and platform_system == 'Linux' and sys_platform == 'linux')
    # via cuda-toolkit
nvidia-curand==10.4.0.35 ; (python_full_version < '3.13' and platform_machine == 'AMD64' and platform_system == 'Linux' and sys_platform == 'win32') or (platform_machine == 'aarch64' and platform_system == 'Linux' and sys_platform == 'linux') or (platform_machine == 'x86_64' and platform_system == 'Linux' and sys_platform == 'linux')
    # via cuda-toolkit
nvidia-cusolver==12.0.4.66 ; (python_full_version < '3.13' and platform_machine == 'AMD64' and platform_system == 'Linux' and sys_platform == 'win32') or (platform_machine == 'aarch64' and platform_system == 'Linux' and sys_platform == 'linux') or (platform_machine == 'x86_64' and platform_system == 'Linux' and sys_platform == 'linux')
    # via cuda-toolkit
nvidia-cusparse==12.6.3.3 ; (python_full_version < '3.13' and platform_machine == 'AMD64' and platform_system == 'Linux' and sys_platform == 'win32') or (platform_machine == 'aarch64' and platform_system == 'Linux' and sys_platform == 'linux') or (platform_machine == 'x86_64' and platform_system == 'Linux' and sys_platform == 'linux')
    # via
    #   cuda-toolkit
    #   nvidia-cusolver
nvidia-cusparselt-cu13==0.8.1 ; (python_full_version < '3.13' and platform_system == 'Linux') or (platform_system == 'Linux' and sys_platform != 'win32')
    # via torch
nvidia-nccl-cu13==2.30.7 ; (python_full_version < '3.13' and platform_system == 'Linux') or (platform_system == 'Linux' and sys_platform != 'win32')
    # via torch
nvidia-nvjitlink==13.4.92 ; (python_full_version < '3.13' and platform_machine == 'AMD64' and platform_system == 'Linux' and sys_platform == 'win32') or (platform_machine == 'aarch64' and platform_system == 'Linux' and sys_platform == 'linux') or (platform_machine == 'x86_64' and platform_system == 'Linux' and sys_platform == 'linux')
    # via
    #   cuda-toolkit
    #   nvidia-cufft
    #   nvidia-cusolver
    #   nvidia-cusparse
nvidia-nvshmem-cu13==3.4.5 ; (python_full_version < '3.13' and platform_system == 'Linux') or (platform_system == 'Linux' and sys_platform != 'win32')
    # via torch
nvidia-nvtx==13.0.85 ; (python_full_version < '3.13' and platform_machine == 'AMD64' and platform_system == 'Linux' and sys_platform == 'win32') or (platform_machine == 'aarch64' and platform_system == 'Linux' and sys_platform == 'linux') or (platform_machine == 'x86_64' and platform_system == 'Linux' and sys_platform == 'linux')
    # via cuda-toolkit
oauthlib==4.0.0
    # via requests-oauthlib
onnxruntime==1.24.3 ; python_full_version < '3.13'
    # via chromadb
onnxruntime==1.30.0 ; python_full_version >= '3.13'
    # via chromadb
openai==3.3.0
    # via
    #   instructor
    #   langchain-openai
    #   ragas
opentelemetry-api==1.45.0
    # via
    #   chromadb
    #   fastapi
    #   opentelemetry-exporter-otlp-proto-grpc
    #   opentelemetry-sdk
    #   opentelemetry-semantic-conventions
opentelemetry-exporter-otlp-common==0.66b0
    # via opentelemetry-exporter-otlp-proto-grpc
opentelemetry-exporter-otlp-proto-common==1.45.0
    # via opentelemetry-exporter-otlp-proto-grpc
opentelemetry-exporter-otlp-proto-grpc==1.45.0
    # via chromadb
opentelemetry-proto==1.45.0
    # via
    #   opentelemetry-exporter-otlp-proto-common
    #   opentelemetry-exporter-otlp-proto-grpc
opentelemetry-sdk==1.45.0
    # via
    #   chromadb
    #   opentelemetry-exporter-otlp-common
    #   opentelemetry-exporter-otlp-proto-grpc
opentelemetry-semantic-conventions==0.66b0
    # via opentelemetry-sdk
optuna==5.0.0
    # via ragbuilder (pyproject.toml)
orjson==3.12.0
    # via
    #   chromadb
    #   langgraph-sdk
    #   langsmith
ormsgpack==1.12.2
    # via langgraph-checkpoint
overrides==7.7.0
    # via chromadb
packaging==26.3
    # via
    #   build
    #   datasets
    #   huggingface-hub
    #   langchain-core
    #   langsmith
    #   marshmallow
    #   onnxruntime
    #   optuna
    #   scikit-optimize
    #   transformers
pandas==2.3.3 ; python_full_version < '3.13'
    # via datasets
pandas==3.0.6 ; python_full_version >= '3.13'
    # via datasets
pillow==12.3.0
    # via ragas
platformdirs==4.12.2
    # via ragbuilder (pyproject.toml)
propcache==0.5.4
    # via
    #   aiohttp
    #   yarl
protobuf==7.36.2
    # via
    #   googleapis-common-protos
    #   onnxruntime
    #   opentelemetry-proto
pyaml==26.7.0
    # via scikit-optimize
pyarrow==25.0.1
    # via datasets
pybase64==1.5.0
    # via chromadb
pydantic==2.13.5
    # via
    #   ragbuilder (pyproject.toml)
    #   chromadb
    #   fastapi
    #   instructor
    #   langchain
    #   langchain-classic
    #   langchain-core
    #   langgraph
    #   langsmith
    #   openai
    #   pydantic-settings
    #   ragas
pydantic-core==2.46.5
    # via
    #   instructor
    #   pydantic
pydantic-settings==2.15.0
    # via
    #   chromadb
    #   langchain-community
pygments==2.21.0
    # via rich
pypika==0.51.1
    # via chromadb
pyproject-hooks==1.3.3
    # via build
python-dateutil==2.9.0.post0
    # via
    #   kubernetes
    #   pandas
python-dotenv==1.2.4
    # via
    #   ragbuilder (pyproject.toml)
    #   pydantic-settings
    #   uvicorn
pytz==2026.4 ; python_full_version < '3.13'
    # via pandas
pyyaml==6.0.3
    # via
    #   chromadb
    #   datasets
    #   huggingface-hub
    #   kubernetes
    #   langchain-classic
    #   langchain-community
    #   langchain-core
    #   optuna
    #   pyaml
    #   transformers
    #   uvicorn
ragas==0.4.3
    # via ragbuilder (pyproject.toml)
rank-bm25==0.2.2
    # via ragbuilder (pyproject.toml)
referencing==0.37.0
    # via
    #   jsonschema
    #   jsonschema-specifications
regex==2026.9.29
    # via
    #   instructor
    #   tiktoken
    #   transformers
requests==2.34.2
    # via
    #   ragbuilder (pyproject.toml)
    #   datasets
    #   instructor
    #   kubernetes
    #   langchain-classic
    #   langchain-community
    #   langsmith
    #   requests-oauthlib
    #   requests-toolbelt
    #   tiktoken
requests-oauthlib==2.0.0
    # via kubernetes
requests-toolbelt==1.0.0
    # via langsmith
rerankers==0.10.0
    # via ragbuilder (pyproject.toml)
rich==14.3.4
    # via
    #   ragbuilder (pyproject.toml)
    #   chromadb
    #   instructor
    #   ragas
    #   typer
rpds-py==0.30.0 ; python_full_version < '3.11'
    # via
    #   jsonschema
    #   referencing
rpds-py==2026.6.3 ; python_full_version >= '3.11'
    # via
    #   jsonschema
    #   referencing
safetensors==0.8.0
    # via transformers
scikit-learn==1.7.2 ; python_full_version < '3.11'
    # via
    #   scikit-optimize
    #   sentence-transformers
scikit-learn==1.9.1 ; python_full_version >= '3.11'
    # via
    #   scikit-optimize
    #   sentence-transformers
scikit-network==0.33.5
    # via ragas
scikit-optimize==0.10.2
    # via ragbuilder (pyproject.toml)
scipy==1.15.3 ; python_full_version < '3.12'
    # via
    #   scikit-learn
    #   scikit-network
    #   scikit-optimize
    #   sentence-transformers
scipy==1.18.1 ; python_full_version >= '3.12'
    # via
    #   scikit-learn
    #   scikit-network
    #   scikit-optimize
    #   sentence-transformers
sentence-transformers==6.1.0
    # via ragbuilder (pyproject.toml)
setuptools==84.0.0
    # via torch
shellingham==1.5.4
    # via typer
six==1.17.0
    # via
    #   kubernetes
    #   python-dateutil
sniffio==1.3.1
    # via
    #   langsmith
    #   openai
soupsieve==2.10
    # via beautifulsoup4
sqlalchemy==2.0.54 ; python_full_version < '3.11'
    # via
    #   alembic
    #   langchain-classic
    #   langchain-community
    #   optuna
sqlalchemy==2.1.1 ; python_full_version >= '3.11'
    # via
    #   alembic
    #   langchain-classic
    #   langchain-community
    #   optuna
starlette==1.7.0
    # via fastapi
sympy==1.14.0
    # via
    #   onnxruntime
    #   torch
tenacity==8.4.2
    # via
    #   ragbuilder (pyproject.toml)
    #   chromadb
    #   instructor
    #   langchain-community
    #   langchain-core
threadpoolctl==3.7.0
    # via scikit-learn
tiktoken==0.14.0
    # via
    #   langchain-openai
    #   ragas
tokenizers==0.23.2
    # via
    #   chromadb
    #   langchain-huggingface
    #   sentence-transformers
    #   transformers
tomli==2.4.1 ; python_full_version < '3.11'
    # via
    #   alembic
    #   build
    #   huggingface-hub
torch==2.14.1
    # via sentence-transformers
tqdm==4.70.1
    # via
    #   chromadb
    #   datasets
    #   huggingface-hub
    #   optuna
    #   ragas
    #   sentence-transformers
    #   transformers
transformers==5.18.0
    # via sentence-transformers
triton==3.8.0 ; (python_full_version < '3.15' and platform_system == 'Linux' and sys_platform != 'win32') or (python_full_version < '3.13' and platform_system == 'Linux' and sys_platform == 'win32')
    # via torch
truststore==0.10.4 ; sys_platform != 'emscripten'
    # via
    #   httpcore2
    #   httpx2
typer==0.27.2
    # via
    #   chromadb
    #   instructor
    #   ragas
    #   transformers
typing-extensions==4.16.0
    # via
    #   aiohttp
    #   aiosignal
    #   alembic
    #   anyio
    #   beautifulsoup4
    #   chromadb
    #   exceptiongroup
    #   fastapi
    #   grpcio
    #   httpx2
    #   huggingface-hub
    #   langchain-core
    #   langchain-protocol
    #   langsmith
    #   multidict
    #   openai
    #   opentelemetry-api
    #   opentelemetry-exporter-otlp-proto-grpc
    #   opentelemetry-sdk
    #   opentelemetry-semantic-conventions
    #   pydantic
    #   pydantic-core
    #   pypika
    #   referencing
    #   sentence-transformers
    #   sqlalchemy
    #   starlette
    #   torch
    #   typing-inspect
    #   typing-inspection
    #   uvicorn
typing-inspect==0.9.0
    # via dataclasses-json
typing-inspection==0.4.4
    # via
    #   fastapi
    #   pydantic
    #   pydantic-settings
tzdata==2026.4 ; python_full_version < '3.13' or sys_platform == 'emscripten' or sys_platform == 'win32'
    # via pandas
urllib3==2.8.0
    # via
    #   ragbuilder (pyproject.toml)
    #   instructor
    #   kubernetes
    #   requests
uuid-utils==0.17.1
    # via
    #   langchain-core
    #   langsmith
uvicorn==0.54.0
    # via
    #   ragbuilder (pyproject.toml)
    #   chromadb
uvloop==0.23.0 ; platform_python_implementation != 'PyPy' and sys_platform != 'cygwin' and sys_platform != 'win32'
    # via uvicorn
watchfiles==1.3.0
    # via uvicorn
websocket-client==1.9.2
    # via kubernetes
websockets==16.1.1
    # via
    #   langgraph-sdk
    #   langsmith
    #   uvicorn
xxhash==4.0.1
    # via
    #   datasets
    #   langgraph
    #   langsmith
yarl==1.25.1
    # via aiohttp
zipp==4.1.0 ; python_full_version < '3.10.2'
    # via importlib-metadata
zstandard==0.25.0
    # via langsmith
